
Microsoft Visual Studio Solution File, Format Version 12.00
# Visual Studio Version 16
VisualStudioVersion = 16.0.30804.86
MinimumVisualStudioVersion = 10.0.40219.1
Project("{9A19103F-16F7-4668-BE54-9A1E7A4F7556}") = "TestApp", "TestApp\TestApp.csproj", "{9D1F39DC-3330-41A6-BC58-72B0969DCA6F}"
EndProject
Project("{FAE04EC0-301F-11D3-BF4B-00C04F79EFBC}") = "WebApp", "WebApp\WebApp.csproj", "{74D0177A-F7DC-4475-98AC-21995258B850}"
EndProject
Global
	GlobalSection(SolutionConfigurationPlatforms) = preSolution
		Debug|Any CPU = Debug|Any CPU
		Release|Any CPU = Release|Any CPU
	EndGlobalSection
	GlobalSection(ProjectConfigurationPlatforms) = postSolution
		{9D1F39DC-3330-41A6-BC58-72B0969DCA6F}.Debug|Any CPU.ActiveCfg = Debug|Any CPU
		{9D1F39DC-3330-41A6-BC58-72B0969DCA6F}.Debug|Any CPU.Build.0 = Debug|Any CPU
		{9D1F39DC-3330-41A6-BC58-72B0969DCA6F}.Release|Any CPU.ActiveCfg = Release|Any CPU
		{9D1F39DC-3330-41A6-BC58-72B0969DCA6F}.Release|Any CPU.Build.0 = Release|Any CPU
		{74D0177A-F7DC-4475-98AC-21995258B850}.Debug|Any CPU.ActiveCfg = Debug|Any CPU
		{74D0177A-F7DC-4475-98AC-21995258B850}.Debug|Any CPU.Build.0 = Debug|Any CPU
		{74D0177A-F7DC-4475-98AC-21995258B850}.Release|Any CPU.ActiveCfg = Release|Any CPU
		{74D0177A-F7DC-4475-98AC-21995258B850}.Release|Any CPU.Build.0 = Release|Any CPU
	EndGlobalSection
	GlobalSection(SolutionProperties) = preSolution
		HideSolutionNode = FALSE
	EndGlobalSection
	GlobalSection(ExtensibilityGlobals) = postSolution
		SolutionGuid = {7822204A-8591-476D-B069-ADF63A45B89E}
	EndGlobalSection
EndGlobal
